
Microsoft Visual Studio Solution File, Format Version 12.00
# Visual Studio 15
VisualStudioVersion = 15.0.28010.2050
MinimumVisualStudioVersion = 10.0.40219.1
Project("{8BC9CEB8-8B4A-11D0-8D11-00A0C91BC942}") = "AriaManaged", "AriaManaged\AriaManaged.vcxproj", "{4647811D-E6DD-4D1C-B17C-DD2E264B3AFD}"
EndProject
Project("{2150E333-8FDC-42A3-9474-1A3956D46DE8}") = "Solution Items", "Solution Items", "{25F84CFD-7B1B-4E77-8B4F-0C4969DDF100}"
	ProjectSection(SolutionItems) = preProject
		Original Aria Paper.pdf = Original Aria Paper.pdf
		rfc5794 ARIA.pdf = rfc5794 ARIA.pdf
	EndProjectSection
EndProject
Project("{FAE04EC0-301F-11D3-BF4B-00C04F79EFBC}") = "ARIATestsFramework", "ARIATestsFramework\ARIATestsFramework.csproj", "{4A35E35E-D610-4ABE-B3C7-DBD2AB7C9414}"
EndProject
Project("{FAE04EC0-301F-11D3-BF4B-00C04F79EFBC}") = "ARIATester", "ARIATester\ARIATester.csproj", "{256ADD4E-E934-45E2-A890-226602929D96}"
EndProject
Global
	GlobalSection(SolutionConfigurationPlatforms) = preSolution
		Debug|Any CPU = Debug|Any CPU
		Debug|x64 = Debug|x64
		Release|Any CPU = Release|Any CPU
		Release|x64 = Release|x64
	EndGlobalSection
	GlobalSection(ProjectConfigurationPlatforms) = postSolution
		{4647811D-E6DD-4D1C-B17C-DD2E264B3AFD}.Debug|Any CPU.ActiveCfg = Debug|Win32
		{4647811D-E6DD-4D1C-B17C-DD2E264B3AFD}.Debug|x64.ActiveCfg = Debug|x64
		{4647811D-E6DD-4D1C-B17C-DD2E264B3AFD}.Debug|x64.Build.0 = Debug|x64
		{4647811D-E6DD-4D1C-B17C-DD2E264B3AFD}.Release|Any CPU.ActiveCfg = Release|Win32
		{4647811D-E6DD-4D1C-B17C-DD2E264B3AFD}.Release|x64.ActiveCfg = Release|x64
		{4647811D-E6DD-4D1C-B17C-DD2E264B3AFD}.Release|x64.Build.0 = Release|x64
		{4A35E35E-D610-4ABE-B3C7-DBD2AB7C9414}.Debug|Any CPU.ActiveCfg = Debug|Any CPU
		{4A35E35E-D610-4ABE-B3C7-DBD2AB7C9414}.Debug|Any CPU.Build.0 = Debug|Any CPU
		{4A35E35E-D610-4ABE-B3C7-DBD2AB7C9414}.Debug|x64.ActiveCfg = Debug|x64
		{4A35E35E-D610-4ABE-B3C7-DBD2AB7C9414}.Debug|x64.Build.0 = Debug|x64
		{4A35E35E-D610-4ABE-B3C7-DBD2AB7C9414}.Release|Any CPU.ActiveCfg = Release|Any CPU
		{4A35E35E-D610-4ABE-B3C7-DBD2AB7C9414}.Release|Any CPU.Build.0 = Release|Any CPU
		{4A35E35E-D610-4ABE-B3C7-DBD2AB7C9414}.Release|x64.ActiveCfg = Release|Any CPU
		{4A35E35E-D610-4ABE-B3C7-DBD2AB7C9414}.Release|x64.Build.0 = Release|Any CPU
		{256ADD4E-E934-45E2-A890-226602929D96}.Debug|Any CPU.ActiveCfg = Debug|Any CPU
		{256ADD4E-E934-45E2-A890-226602929D96}.Debug|Any CPU.Build.0 = Debug|Any CPU
		{256ADD4E-E934-45E2-A890-226602929D96}.Debug|x64.ActiveCfg = Debug|x64
		{256ADD4E-E934-45E2-A890-226602929D96}.Debug|x64.Build.0 = Debug|x64
		{256ADD4E-E934-45E2-A890-226602929D96}.Release|Any CPU.ActiveCfg = Release|Any CPU
		{256ADD4E-E934-45E2-A890-226602929D96}.Release|Any CPU.Build.0 = Release|Any CPU
		{256ADD4E-E934-45E2-A890-226602929D96}.Release|x64.ActiveCfg = Release|Any CPU
		{256ADD4E-E934-45E2-A890-226602929D96}.Release|x64.Build.0 = Release|Any CPU
	EndGlobalSection
	GlobalSection(SolutionProperties) = preSolution
		HideSolutionNode = FALSE
	EndGlobalSection
	GlobalSection(ExtensibilityGlobals) = postSolution
		SolutionGuid = {3D58AB55-E169-4224-B16A-73EEF6C455AB}
	EndGlobalSection
EndGlobal
